
Microsoft Visual Studio Solution File, Format Version 12.00
# Visual Studio 15
VisualStudioVersion = 15.0.27130.2010
MinimumVisualStudioVersion = 10.0.40219.1
Project("{8BC9CEB8-8B4A-11D0-8D11-00A0C91BC942}") = "Palindrome", "Palindrome\Palindrome.vcxproj", "{A4AA7FB3-0BB3-4D3A-ABD6-9DFA1C211293}"
EndProject
Global
	GlobalSection(SolutionConfigurationPlatforms) = preSolution
		Debug|x64 = Debug|x64
		Debug|x86 = Debug|x86
		Release|x64 = Release|x64
		Release|x86 = Release|x86
	EndGlobalSection
	GlobalSection(ProjectConfigurationPlatforms) = postSolution
		{A4AA7FB3-0BB3-4D3A-ABD6-9DFA1C211293}.Debug|x64.ActiveCfg = Debug|x64
		{A4AA7FB3-0BB3-4D3A-ABD6-9DFA1C211293}.Debug|x64.Build.0 = Debug|x64
		{A4AA7FB3-0BB3-4D3A-ABD6-9DFA1C211293}.Debug|x86.ActiveCfg = Debug|Win32
		{A4AA7FB3-0BB3-4D3A-ABD6-9DFA1C211293}.Debug|x86.Build.0 = Debug|Win32
		{A4AA7FB3-0BB3-4D3A-ABD6-9DFA1C211293}.Release|x64.ActiveCfg = Release|x64
		{A4AA7FB3-0BB3-4D3A-ABD6-9DFA1C211293}.Release|x64.Build.0 = Release|x64
		{A4AA7FB3-0BB3-4D3A-ABD6-9DFA1C211293}.Release|x86.ActiveCfg = Release|Win32
		{A4AA7FB3-0BB3-4D3A-ABD6-9DFA1C211293}.Release|x86.Build.0 = Release|Win32
	EndGlobalSection
	GlobalSection(SolutionProperties) = preSolution
		HideSolutionNode = FALSE
	EndGlobalSection
	GlobalSection(ExtensibilityGlobals) = postSolution
		SolutionGuid = {7A53CCDD-3933-434D-9333-1ED417225AB6}
	EndGlobalSection
EndGlobal
